# This file is automatically @generated by Cargo.
# It is not intended for manual editing.
version = 4

[[package]]
name = "open-eqms-event-engine"
version = "0.1.0"
dependencies = [
 "open-eqms-runtime-contracts",
 "regex-lite",
]

[[package]]
name = "open-eqms-object-runtime"
version = "0.1.0"
dependencies = [
 "open-eqms-runtime-contracts",
 "regex-lite",
]

[[package]]
name = "open-eqms-query-engine"
version = "0.1.0"
dependencies = [
 "open-eqms-runtime-contracts",
]

[[package]]
name = "open-eqms-runtime-contracts"
version = "0.1.0"

[[package]]
name = "open-eqms-transaction-engine"
version = "0.1.0"
dependencies = [
 "open-eqms-runtime-contracts",
]

[[package]]
name = "regex-lite"
version = "0.1.9"
source = "registry+https://github.com/rust-lang/crates.io-index"
checksum = "cab834c73d247e67f4fae452806d17d3c7501756d98c8808d7c9c7aa7d18f973"
